
Microsoft Visual Studio Solution File, Format Version 12.00
# Visual Studio Version 16
VisualStudioVersion = 16.0.29709.97
MinimumVisualStudioVersion = 10.0.40219.1
Project("{8BC9CEB8-8B4A-11D0-8D11-00A0C91BC942}") = "FireflyRenderEngine", "FireFlyRenderEngine\FireflyRenderEngine.vcxproj", "{4E8BD443-BC46-4048-940D-2C64341E17A1}"
EndProject
Project("{8BC9CEB8-8B4A-11D0-8D11-00A0C91BC942}") = "Scene", "Scene\Scene.vcxproj", "{5EF3BD78-FAEC-4D02-83CD-804618E88457}"
EndProject
Project("{8BC9CEB8-8B4A-11D0-8D11-00A0C91BC942}") = "Viewer", "Viewer\Viewer.vcxproj", "{194A264D-A981-47E8-B816-0EE0A6FFEC0A}"
EndProject
Project("{2150E333-8FDC-42A3-9474-1A3956D46DE8}") = "UI", "UI", "{7C3ED444-55D6-4024-88FE-5387DB7A9276}"
EndProject
Project("{8BC9CEB8-8B4A-11D0-8D11-00A0C91BC942}") = "GLFWViewer", "GLFWViewer\GLFWViewer.vcxproj", "{0EBD1431-B250-4651-BC73-EBB8DAE9DFD1}"
EndProject
Project("{8BC9CEB8-8B4A-11D0-8D11-00A0C91BC942}") = "Scene.Test", "Scene\Scene.Test\Scene.Test.vcxproj", "{DCD6E5A5-2C88-4B8A-8B34-8824A36C0C25}"
EndProject
Global
	GlobalSection(SolutionConfigurationPlatforms) = preSolution
		Debug|x64 = Debug|x64
		Debug|x86 = Debug|x86
		Release|x64 = Release|x64
		Release|x86 = Release|x86
	EndGlobalSection
	GlobalSection(ProjectConfigurationPlatforms) = postSolution
		{4E8BD443-BC46-4048-940D-2C64341E17A1}.Debug|x64.ActiveCfg = Debug|x64
		{4E8BD443-BC46-4048-940D-2C64341E17A1}.Debug|x64.Build.0 = Debug|x64
		{4E8BD443-BC46-4048-940D-2C64341E17A1}.Debug|x86.ActiveCfg = Debug|x64
		{4E8BD443-BC46-4048-940D-2C64341E17A1}.Release|x64.ActiveCfg = Release|x64
		{4E8BD443-BC46-4048-940D-2C64341E17A1}.Release|x64.Build.0 = Release|x64
		{4E8BD443-BC46-4048-940D-2C64341E17A1}.Release|x86.ActiveCfg = Release|x64
		{5EF3BD78-FAEC-4D02-83CD-804618E88457}.Debug|x64.ActiveCfg = Debug|x64
		{5EF3BD78-FAEC-4D02-83CD-804618E88457}.Debug|x64.Build.0 = Debug|x64
		{5EF3BD78-FAEC-4D02-83CD-804618E88457}.Debug|x86.ActiveCfg = Debug|x64
		{5EF3BD78-FAEC-4D02-83CD-804618E88457}.Release|x64.ActiveCfg = Release|x64
		{5EF3BD78-FAEC-4D02-83CD-804618E88457}.Release|x64.Build.0 = Release|x64
		{5EF3BD78-FAEC-4D02-83CD-804618E88457}.Release|x86.ActiveCfg = Release|x64
		{194A264D-A981-47E8-B816-0EE0A6FFEC0A}.Debug|x64.ActiveCfg = Debug|x64
		{194A264D-A981-47E8-B816-0EE0A6FFEC0A}.Debug|x64.Build.0 = Debug|x64
		{194A264D-A981-47E8-B816-0EE0A6FFEC0A}.Debug|x86.ActiveCfg = Debug|x64
		{194A264D-A981-47E8-B816-0EE0A6FFEC0A}.Release|x64.ActiveCfg = Release|x64
		{194A264D-A981-47E8-B816-0EE0A6FFEC0A}.Release|x64.Build.0 = Release|x64
		{194A264D-A981-47E8-B816-0EE0A6FFEC0A}.Release|x86.ActiveCfg = Release|x64
		{0EBD1431-B250-4651-BC73-EBB8DAE9DFD1}.Debug|x64.ActiveCfg = Debug|x64
		{0EBD1431-B250-4651-BC73-EBB8DAE9DFD1}.Debug|x64.Build.0 = Debug|x64
		{0EBD1431-B250-4651-BC73-EBB8DAE9DFD1}.Debug|x86.ActiveCfg = Debug|x64
		{0EBD1431-B250-4651-BC73-EBB8DAE9DFD1}.Release|x64.ActiveCfg = Release|x64
		{0EBD1431-B250-4651-BC73-EBB8DAE9DFD1}.Release|x64.Build.0 = Release|x64
		{0EBD1431-B250-4651-BC73-EBB8DAE9DFD1}.Release|x86.ActiveCfg = Release|x64
		{DCD6E5A5-2C88-4B8A-8B34-8824A36C0C25}.Debug|x64.ActiveCfg = Debug|x64
		{DCD6E5A5-2C88-4B8A-8B34-8824A36C0C25}.Debug|x64.Build.0 = Debug|x64
		{DCD6E5A5-2C88-4B8A-8B34-8824A36C0C25}.Debug|x86.ActiveCfg = Debug|x64
		{DCD6E5A5-2C88-4B8A-8B34-8824A36C0C25}.Release|x64.ActiveCfg = Release|x64
		{DCD6E5A5-2C88-4B8A-8B34-8824A36C0C25}.Release|x86.ActiveCfg = Release|x64
	EndGlobalSection
	GlobalSection(SolutionProperties) = preSolution
		HideSolutionNode = FALSE
	EndGlobalSection
	GlobalSection(NestedProjects) = preSolution
		{194A264D-A981-47E8-B816-0EE0A6FFEC0A} = {7C3ED444-55D6-4024-88FE-5387DB7A9276}
		{0EBD1431-B250-4651-BC73-EBB8DAE9DFD1} = {7C3ED444-55D6-4024-88FE-5387DB7A9276}
	EndGlobalSection
	GlobalSection(ExtensibilityGlobals) = postSolution
		SolutionGuid = {B304C392-8F9E-43BA-8345-67F62B6DB00D}
	EndGlobalSection
EndGlobal
